// !$*UTF8*$!
{
	archiveVersion = 1;
	classes = {
	};
	objectVersion = 46;
	objects = {

/* Begin PBXBuildFile section */
		58EBBC181C3627EC005CAF59 /* AppDelegate.swift in Sources */ = {isa = PBXBuildFile; fileRef = 58EBBC171C3627EC005CAF59 /* AppDelegate.swift */; };
		58EBBC1A1C3627EC005CAF59 /* ViewController.swift in Sources */ = {isa = PBXBuildFile; fileRef = 58EBBC191C3627EC005CAF59 /* ViewController.swift */; };
		58EBBC1D1C3627EC005CAF59 /* Main.storyboard in Resources */ = {isa = PBXBuildFile; fileRef = 58EBBC1B1C3627EC005CAF59 /* Main.storyboard */; };
		58EBBC1F1C3627EC005CAF59 /* Assets.xcassets in Resources */ = {isa = PBXBuildFile; fileRef = 58EBBC1E1C3627EC005CAF59 /* Assets.xcassets */; };
		58EBBC221C3627EC005CAF59 /* LaunchScreen.storyboard in Resources */ = {isa = PBXBuildFile; fileRef = 58EBBC201C3627EC005CAF59 /* LaunchScreen.storyboard */; };
		58EBBC2D1C3627EC005CAF59 /* tipsTests.swift in Sources */ = {isa = PBXBuildFile; fileRef = 58EBBC2C1C3627EC005CAF59 /* tipsTests.swift */; };
		58EBBC381C3627EC005CAF59 /* tipsUITests.swift in Sources */ = {isa = PBXBuildFile; fileRef = 58EBBC371C3627EC005CAF59 /* tipsUITests.swift */; };
/* End PBXBuildFile section */

/* Begin PBXContainerItemProxy section */
		58EBBC291C3627EC005CAF59 /* PBXContainerItemProxy */ = {
			isa = PBXContainerItemProxy;
			containerPortal = 58EBBC0C1C3627EC005CAF59 /* Project object */;
			proxyType = 1;
			remoteGlobalIDString = 58EBBC131C3627EC005CAF59;
			remoteInfo = tips;
		};
		58EBBC341C3627EC005CAF59 /* PBXContainerItemProxy */ = {
			isa = PBXContainerItemProxy;
			containerPortal = 58EBBC0C1C3627EC005CAF59 /* Project object */;
			proxyType = 1;
			remoteGlobalIDString = 58EBBC131C3627EC005CAF59;
			remoteInfo = tips;
		};
/* End PBXContainerItemProxy section */

/* Begin PBXFileReference section */
		58EBBC141C3627EC005CAF59 /* tips.app */ = {isa = PBXFileReference; explicitFileType = wrapper.application; includeInIndex = 0; path = tips.app; sourceTree = BUILT_PRODUCTS_DIR; };
		58EBBC171C3627EC005CAF59 /* AppDelegate.swift */ = {isa = PBXFileReference; lastKnownFileType = sourcecode.swift; path = AppDelegate.swift; sourceTree = "<group>"; };
		58EBBC191C3627EC005CAF59 /* ViewController.swift */ = {isa = PBXFileReference; lastKnownFileType = sourcecode.swift; path = ViewController.swift; sourceTree = "<group>"; };
		58EBBC1C1C3627EC005CAF59 /* Base */ = {isa = PBXFileReference; lastKnownFileType = file.storyboard; name = Base; path = Base.lproj/Main.storyboard; sourceTree = "<group>"; };
		58EBBC1E1C3627EC005CAF59 /* Assets.xcassets */ = {isa = PBXFileReference; lastKnownFileType = folder.assetcatalog; path = Assets.xcassets; sourceTree = "<group>"; };
		58EBBC211C3627EC005CAF59 /* Base */ = {isa = PBXFileReference; lastKnownFileType = file.storyboard; name = Base; path = Base.lproj/LaunchScreen.storyboard; sourceTree = "<group>"; };
		58EBBC231C3627EC005CAF59 /* Info.plist */ = {isa = PBXFileReference; lastKnownFileType = text.plist.xml; path = Info.plist; sourceTree = "<group>"; };
		58EBBC281C3627EC005CAF59 /* tipsTests.xctest */ = {isa = PBXFileReference; explicitFileType = wrapper.cfbundle; includeInIndex = 0; path = tipsTests.xctest; sourceTree = BUILT_PRODUCTS_DIR; };
		58EBBC2C1C3627EC005CAF59 /* tipsTests.swift */ = {isa = PBXFileReference; lastKnownFileType = sourcecode.swift; path = tipsTests.swift; sourceTree = "<group>"; };
		58EBBC2E1C3627EC005CAF59 /* Info.plist */ = {isa = PBXFileReference; lastKnownFileType = text.plist.xml; path = Info.plist; sourceTree = "<group>"; };
		58EBBC331C3627EC005CAF59 /* tipsUITests.xctest */ = {isa = PBXFileReference; explicitFileType = wrapper.cfbundle; includeInIndex = 0; path = tipsUITests.xctest; sourceTree = BUILT_PRODUCTS_DIR; };
		58EBBC371C3627EC005CAF59 /* tipsUITests.swift */ = {isa = PBXFileReference; lastKnownFileType = sourcecode.swift; path = tipsUITests.swift; sourceTree = "<group>"; };
		58EBBC391C3627EC005CAF59 /* Info.plist */ = {isa = PBXFileReference; lastKnownFileType = text.plist.xml; path = Info.plist; sourceTree = "<group>"; };
/* End PBXFileReference section */

/* Begin PBXFrameworksBuildPhase section */
		58EBBC111C3627EC005CAF59 /* Frameworks */ = {
			isa = PBXFrameworksBuildPhase;
			buildActionMask = 2147483647;
			files = (
			);
			runOnlyForDeploymentPostprocessing = 0;
		};
		58EBBC251C3627EC005CAF59 /* Frameworks */ = {
			isa = PBXFrameworksBuildPhase;
			buildActionMask = 2147483647;
			files = (
			);
			runOnlyForDeploymentPostprocessing = 0;
		};
		58EBBC301C3627EC005CAF59 /* Frameworks */ = {
			isa = PBXFrameworksBuildPhase;
			buildActionMask = 2147483647;
			files = (
			);
			runOnlyForDeploymentPostprocessing = 0;
		};
/* End PBXFrameworksBuildPhase section */

/* Begin PBXGroup section */
		58EBBC0B1C3627EC005CAF59 = {
			isa = PBXGroup;
			children = (
				58EBBC161C3627EC005CAF59 /* tips */,
				58EBBC2B1C3627EC005CAF59 /* tipsTests */,
				58EBBC361C3627EC005CAF59 /* tipsUITests */,
				58EBBC151C3627EC005CAF59 /* Products */,
			);
			sourceTree = "<group>";
		};
		58EBBC151C3627EC005CAF59 /* Products */ = {
			isa = PBXGroup;
			children = (
				58EBBC141C3627EC005CAF59 /* tips.app */,
				58EBBC281C3627EC005CAF59 /* tipsTests.xctest */,
				58EBBC331C3627EC005CAF59 /* tipsUITests.xctest */,
			);
			name = Products;
			sourceTree = "<group>";
		};
		58EBBC161C3627EC005CAF59 /* tips */ = {
			isa = PBXGroup;
			children = (
				58EBBC171C3627EC005CAF59 /* AppDelegate.swift */,
				58EBBC191C3627EC005CAF59 /* ViewController.swift */,
				58EBBC1B1C3627EC005CAF59 /* Main.storyboard */,
				58EBBC1E1C3627EC005CAF59 /* Assets.xcassets */,
				58EBBC201C3627EC005CAF59 /* LaunchScreen.storyboard */,
				58EBBC231C3627EC005CAF59 /* Info.plist */,
			);
			path = tips;
			sourceTree = "<group>";
		};
		58EBBC2B1C3627EC005CAF59 /* tipsTests */ = {
			isa = PBXGroup;
			children = (
				58EBBC2C1C3627EC005CAF59 /* tipsTests.swift */,
				58EBBC2E1C3627EC005CAF59 /* Info.plist */,
			);
			path = tipsTests;
			sourceTree = "<group>";
		};
		58EBBC361C3627EC005CAF59 /* tipsUITests */ = {
			isa = PBXGroup;
			children = (
				58EBBC371C3627EC005CAF59 /* tipsUITests.swift */,
				58EBBC391C3627EC005CAF59 /* Info.plist */,
			);
			path = tipsUITests;
			sourceTree = "<group>";
		};
/* End PBXGroup section */

/* Begin PBXNativeTarget section */
		58EBBC131C3627EC005CAF59 /* tips */ = {
			isa = PBXNativeTarget;
			buildConfigurationList = 58EBBC3C1C3627EC005CAF59 /* Build configuration list for PBXNativeTarget "tips" */;
			buildPhases = (
				58EBBC101C3627EC005CAF59 /* Sources */,
				58EBBC111C3627EC005CAF59 /* Frameworks */,
				58EBBC121C3627EC005CAF59 /* Resources */,
			);
			buildRules = (
			);
			dependencies = (
			);
			name = tips;
			productName = tips;
			productReference = 58EBBC141C3627EC005CAF59 /* tips.app */;
			productType = "com.apple.product-type.application";
		};
		58EBBC271C3627EC005CAF59 /* tipsTests */ = {
			isa = PBXNativeTarget;
			buildConfigurationList = 58EBBC3F1C3627EC005CAF59 /* Build configuration list for PBXNativeTarget "tipsTests" */;
			buildPhases = (
				58EBBC241C3627EC005CAF59 /* Sources */,
				58EBBC251C3627EC005CAF59 /* Frameworks */,
				58EBBC261C3627EC005CAF59 /* Resources */,
			);
			buildRules = (
			);
			dependencies = (
				58EBBC2A1C3627EC005CAF59 /* PBXTargetDependency */,
			);
			name = tipsTests;
			productName = tipsTests;
			productReference = 58EBBC281C3627EC005CAF59 /* tipsTests.xctest */;
			productType = "com.apple.product-type.bundle.unit-test";
		};
		58EBBC321C3627EC005CAF59 /* tipsUITests */ = {
			isa = PBXNativeTarget;
			buildConfigurationList = 58EBBC421C3627EC005CAF59 /* Build configuration list for PBXNativeTarget "tipsUITests" */;
			buildPhases = (
				58EBBC2F1C3627EC005CAF59 /* Sources */,
				58EBBC301C3627EC005CAF59 /* Frameworks */,
				58EBBC311C3627EC005CAF59 /* Resources */,
			);
			buildRules = (
			);
			dependencies = (
				58EBBC351C3627EC005CAF59 /* PBXTargetDependency */,
			);
			name = tipsUITests;
			productName = tipsUITests;
			productReference = 58EBBC331C3627EC005CAF59 /* tipsUITests.xctest */;
			productType = "com.apple.product-type.bundle.ui-testing";
		};
/* End PBXNativeTarget section */

/* Begin PBXProject section */
		58EBBC0C1C3627EC005CAF59 /* Project object */ = {
			isa = PBXProject;
			attributes = {
				LastSwiftUpdateCheck = 0720;
				LastUpgradeCheck = 0720;
				ORGANIZATIONNAME = "Krystal Cooper";
				TargetAttributes = {
					58EBBC131C3627EC005CAF59 = {
						CreatedOnToolsVersion = 7.2;
					};
					58EBBC271C3627EC005CAF59 = {
						CreatedOnToolsVersion = 7.2;
						TestTargetID = 58EBBC131C3627EC005CAF59;
					};
					58EBBC321C3627EC005CAF59 = {
						CreatedOnToolsVersion = 7.2;
						TestTargetID = 58EBBC131C3627EC005CAF59;
					};
				};
			};
			buildConfigurationList = 58EBBC0F1C3627EC005CAF59 /* Build configuration list for PBXProject "tips" */;
			compatibilityVersion = "Xcode 3.2";
			developmentRegion = English;
			hasScannedForEncodings = 0;
			knownRegions = (
				en,
				Base,
			);
			mainGroup = 58EBBC0B1C3627EC005CAF59;
			productRefGroup = 58EBBC151C3627EC005CAF59 /* Products */;
			projectDirPath = "";
			projectRoot = "";
			targets = (
				58EBBC131C3627EC005CAF59 /* tips */,
				58EBBC271C3627EC005CAF59 /* tipsTests */,
				58EBBC321C3627EC005CAF59 /* tipsUITests */,
			);
		};
/* End PBXProject section */

/* Begin PBXResourcesBuildPhase section */
		58EBBC121C3627EC005CAF59 /* Resources */ = {
			isa = PBXResourcesBuildPhase;
			buildActionMask = 2147483647;
			files = (
				58EBBC221C3627EC005CAF59 /* LaunchScreen.storyboard in Resources */,
				58EBBC1F1C3627EC005CAF59 /* Assets.xcassets in Resources */,
				58EBBC1D1C3627EC005CAF59 /* Main.storyboard in Resources */,
			);
			runOnlyForDeploymentPostprocessing = 0;
		};
		58EBBC261C3627EC005CAF59 /* Resources */ = {
			isa = PBXResourcesBuildPhase;
			buildActionMask = 2147483647;
			files = (
			);
			runOnlyForDeploymentPostprocessing = 0;
		};
		58EBBC311C3627EC005CAF59 /* Resources */ = {
			isa = PBXResourcesBuildPhase;
			buildActionMask = 2147483647;
			files = (
			);
			runOnlyForDeploymentPostprocessing = 0;
		};
/* End PBXResourcesBuildPhase section */

/* Begin PBXSourcesBuildPhase section */
		58EBBC101C3627EC005CAF59 /* Sources */ = {
			isa = PBXSourcesBuildPhase;
			buildActionMask = 2147483647;
			files = (
				58EBBC1A1C3627EC005CAF59 /* ViewController.swift in Sources */,
				58EBBC181C3627EC005CAF59 /* AppDelegate.swift in Sources */,
			);
			runOnlyForDeploymentPostprocessing = 0;
		};
		58EBBC241C3627EC005CAF59 /* Sources */ = {
			isa = PBXSourcesBuildPhase;
			buildActionMask = 2147483647;
			files = (
				58EBBC2D1C3627EC005CAF59 /* tipsTests.swift in Sources */,
			);
			runOnlyForDeploymentPostprocessing = 0;
		};
		58EBBC2F1C3627EC005CAF59 /* Sources */ = {
			isa = PBXSourcesBuildPhase;
			buildActionMask = 2147483647;
			files = (
				58EBBC381C3627EC005CAF59 /* tipsUITests.swift in Sources */,
			);
			runOnlyForDeploymentPostprocessing = 0;
		};
/* End PBXSourcesBuildPhase section */

/* Begin PBXTargetDependency section */
		58EBBC2A1C3627EC005CAF59 /* PBXTargetDependency */ = {
			isa = PBXTargetDependency;
			target = 58EBBC131C3627EC005CAF59 /* tips */;
			targetProxy = 58EBBC291C3627EC005CAF59 /* PBXContainerItemProxy */;
		};
		58EBBC351C3627EC005CAF59 /* PBXTargetDependency */ = {
			isa = PBXTargetDependency;
			target = 58EBBC131C3627EC005CAF59 /* tips */;
			targetProxy = 58EBBC341C3627EC005CAF59 /* PBXContainerItemProxy */;
		};
/* End PBXTargetDependency section */

/* Begin PBXVariantGroup section */
		58EBBC1B1C3627EC005CAF59 /* Main.storyboard */ = {
			isa = PBXVariantGroup;
			children = (
				58EBBC1C1C3627EC005CAF59 /* Base */,
			);
			name = Main.storyboard;
			sourceTree = "<group>";
		};
		58EBBC201C3627EC005CAF59 /* LaunchScreen.storyboard */ = {
			isa = PBXVariantGroup;
			children = (
				58EBBC211C3627EC005CAF59 /* Base */,
			);
			name = LaunchScreen.storyboard;
			sourceTree = "<group>";
		};
/* End PBXVariantGroup section */

/* Begin XCBuildConfiguration section */
		58EBBC3A1C3627EC005CAF59 /* Debug */ = {
			isa = XCBuildConfiguration;
			buildSettings = {
				ALWAYS_SEARCH_USER_PATHS = NO;
				CLANG_CXX_LANGUAGE_STANDARD = "gnu++0x";
				CLANG_CXX_LIBRARY = "libc++";
				CLANG_ENABLE_MODULES = YES;
				CLANG_ENABLE_OBJC_ARC = YES;
				CLANG_WARN_BOOL_CONVERSION = YES;
				CLANG_WARN_CONSTANT_CONVERSION = YES;
				CLANG_WARN_DIRECT_OBJC_ISA_USAGE = YES_ERROR;
				CLANG_WARN_EMPTY_BODY = YES;
				CLANG_WARN_ENUM_CONVERSION = YES;
				CLANG_WARN_INT_CONVERSION = YES;
				CLANG_WARN_OBJC_ROOT_CLASS = YES_ERROR;
				CLANG_WARN_UNREACHABLE_CODE = YES;
				CLANG_WARN__DUPLICATE_METHOD_MATCH = YES;
				"CODE_SIGN_IDENTITY[sdk=iphoneos*]" = "iPhone Developer";
				COPY_PHASE_STRIP = NO;
				DEBUG_INFORMATION_FORMAT = dwarf;
				ENABLE_STRICT_OBJC_MSGSEND = YES;
				ENABLE_TESTABILITY = YES;
				GCC_C_LANGUAGE_STANDARD = gnu99;
				GCC_DYNAMIC_NO_PIC = NO;
				GCC_NO_COMMON_BLOCKS = YES;
				GCC_OPTIMIZATION_LEVEL = 0;
				GCC_PREPROCESSOR_DEFINITIONS = (
					"DEBUG=1",
					"$(inherited)",
				);
				GCC_WARN_64_TO_32_BIT_CONVERSION = YES;
				GCC_WARN_ABOUT_RETURN_TYPE = YES_ERROR;
				GCC_WARN_UNDECLARED_SELECTOR = YES;
				GCC_WARN_UNINITIALIZED_AUTOS = YES_AGGRESSIVE;
				GCC_WARN_UNUSED_FUNCTION = YES;
				GCC_WARN_UNUSED_VARIABLE = YES;
				IPHONEOS_DEPLOYMENT_TARGET = 9.2;
				MTL_ENABLE_DEBUG_INFO = YES;
				ONLY_ACTIVE_ARCH = YES;
				SDKROOT = iphoneos;
				SWIFT_OPTIMIZATION_LEVEL = "-Onone";
			};
			name = Debug;
		};
		58EBBC3B1C3627EC005CAF59 /* Release */ = {
			isa = XCBuildConfiguration;
			buildSettings = {
				ALWAYS_SEARCH_USER_PATHS = NO;
				CLANG_CXX_LANGUAGE_STANDARD = "gnu++0x";
				CLANG_CXX_LIBRARY = "libc++";
				CLANG_ENABLE_MODULES = YES;
				CLANG_ENABLE_OBJC_ARC = YES;
				CLANG_WARN_BOOL_CONVERSION = YES;
				CLANG_WARN_CONSTANT_CONVERSION = YES;
				CLANG_WARN_DIRECT_OBJC_ISA_USAGE = YES_ERROR;
				CLANG_WARN_EMPTY_BODY = YES;
				CLANG_WARN_ENUM_CONVERSION = YES;
				CLANG_WARN_INT_CONVERSION = YES;
				CLANG_WARN_OBJC_ROOT_CLASS = YES_ERROR;
				CLANG_WARN_UNREACHABLE_CODE = YES;
				CLANG_WARN__DUPLICATE_METHOD_MATCH = YES;
				"CODE_SIGN_IDENTITY[sdk=iphoneos*]" = "iPhone Developer";
				COPY_PHASE_STRIP = NO;
				DEBUG_INFORMATION_FORMAT = "dwarf-with-dsym";
				ENABLE_NS_ASSERTIONS = NO;
				ENABLE_STRICT_OBJC_MSGSEND = YES;
				GCC_C_LANGUAGE_STANDARD = gnu99;
				GCC_NO_COMMON_BLOCKS = YES;
				GCC_WARN_64_TO_32_BIT_CONVERSION = YES;
				GCC_WARN_ABOUT_RETURN_TYPE = YES_ERROR;
				GCC_WARN_UNDECLARED_SELECTOR = YES;
				GCC_WARN_UNINITIALIZED_AUTOS = YES_AGGRESSIVE;
				GCC_WARN_UNUSED_FUNCTION = YES;
				GCC_WARN_UNUSED_VARIABLE = YES;
				IPHONEOS_DEPLOYMENT_TARGET = 9.2;
				MTL_ENABLE_DEBUG_INFO = NO;
				SDKROOT = iphoneos;
				VALIDATE_PRODUCT = YES;
			};
			name = Release;
		};
		58EBBC3D1C3627EC005CAF59 /* Debug */ = {
			isa = XCBuildConfiguration;
			buildSettings = {
				ASSETCATALOG_COMPILER_APPICON_NAME = AppIcon;
				INFOPLIST_FILE = tips/Info.plist;
				LD_RUNPATH_SEARCH_PATHS = "$(inherited) @executable_path/Frameworks";
				PRODUCT_BUNDLE_IDENTIFIER = com.trie.tips;
				PRODUCT_NAME = "$(TARGET_NAME)";
			};
			name = Debug;
		};
		58EBBC3E1C3627EC005CAF59 /* Release */ = {
			isa = XCBuildConfiguration;
			buildSettings = {
				ASSETCATALOG_COMPILER_APPICON_NAME = AppIcon;
				INFOPLIST_FILE = tips/Info.plist;
				LD_RUNPATH_SEARCH_PATHS = "$(inherited) @executable_path/Frameworks";
				PRODUCT_BUNDLE_IDENTIFIER = com.trie.tips;
				PRODUCT_NAME = "$(TARGET_NAME)";
			};
			name = Release;
		};
		58EBBC401C3627EC005CAF59 /* Debug */ = {
			isa = XCBuildConfiguration;
			buildSettings = {
				BUNDLE_LOADER = "$(TEST_HOST)";
				INFOPLIST_FILE = tipsTests/Info.plist;
				LD_RUNPATH_SEARCH_PATHS = "$(inherited) @executable_path/Frameworks @loader_path/Frameworks";
				PRODUCT_BUNDLE_IDENTIFIER = com.trie.tipsTests;
				PRODUCT_NAME = "$(TARGET_NAME)";
				TEST_HOST = "$(BUILT_PRODUCTS_DIR)/tips.app/tips";
			};
			name = Debug;
		};
		58EBBC411C3627EC005CAF59 /* Release */ = {
			isa = XCBuildConfiguration;
			buildSettings = {
				BUNDLE_LOADER = "$(TEST_HOST)";
				INFOPLIST_FILE = tipsTests/Info.plist;
				LD_RUNPATH_SEARCH_PATHS = "$(inherited) @executable_path/Frameworks @loader_path/Frameworks";
				PRODUCT_BUNDLE_IDENTIFIER = com.trie.tipsTests;
				PRODUCT_NAME = "$(TARGET_NAME)";
				TEST_HOST = "$(BUILT_PRODUCTS_DIR)/tips.app/tips";
			};
			name = Release;
		};
		58EBBC431C3627EC005CAF59 /* Debug */ = {
			isa = XCBuildConfiguration;
			buildSettings = {
				INFOPLIST_FILE = tipsUITests/Info.plist;
				LD_RUNPATH_SEARCH_PATHS = "$(inherited) @executable_path/Frameworks @loader_path/Frameworks";
				PRODUCT_BUNDLE_IDENTIFIER = com.trie.tipsUITests;
				PRODUCT_NAME = "$(TARGET_NAME)";
				TEST_TARGET_NAME = tips;
				USES_XCTRUNNER = YES;
			};
			name = Debug;
		};
		58EBBC441C3627EC005CAF59 /* Release */ = {
			isa = XCBuildConfiguration;
			buildSettings = {
				INFOPLIST_FILE = tipsUITests/Info.plist;
				LD_RUNPATH_SEARCH_PATHS = "$(inherited) @executable_path/Frameworks @loader_path/Frameworks";
				PRODUCT_BUNDLE_IDENTIFIER = com.trie.tipsUITests;
				PRODUCT_NAME = "$(TARGET_NAME)";
				TEST_TARGET_NAME = tips;
				USES_XCTRUNNER = YES;
			};
			name = Release;
		};
/* End XCBuildConfiguration section */

/* Begin XCConfigurationList section */
		58EBBC0F1C3627EC005CAF59 /* Build configuration list for PBXProject "tips" */ = {
			isa = XCConfigurationList;
			buildConfigurations = (
				58EBBC3A1C3627EC005CAF59 /* Debug */,
				58EBBC3B1C3627EC005CAF59 /* Release */,
			);
			defaultConfigurationIsVisible = 0;
			defaultConfigurationName = Release;
		};
		58EBBC3C1C3627EC005CAF59 /* Build configuration list for PBXNativeTarget "tips" */ = {
			isa = XCConfigurationList;
			buildConfigurations = (
				58EBBC3D1C3627EC005CAF59 /* Debug */,
				58EBBC3E1C3627EC005CAF59 /* Release */,
			);
			defaultConfigurationIsVisible = 0;
		};
		58EBBC3F1C3627EC005CAF59 /* Build configuration list for PBXNativeTarget "tipsTests" */ = {
			isa = XCConfigurationList;
			buildConfigurations = (
				58EBBC401C3627EC005CAF59 /* Debug */,
				58EBBC411C3627EC005CAF59 /* Release */,
			);
			defaultConfigurationIsVisible = 0;
		};
		58EBBC421C3627EC005CAF59 /* Build configuration list for PBXNativeTarget "tipsUITests" */ = {
			isa = XCConfigurationList;
			buildConfigurations = (
				58EBBC431C3627EC005CAF59 /* Debug */,
				58EBBC441C3627EC005CAF59 /* Release */,
			);
			defaultConfigurationIsVisible = 0;
		};
/* End XCConfigurationList section */
	};
	rootObject = 58EBBC0C1C3627EC005CAF59 /* Project object */;
}
